
Microsoft Visual Studio Solution File, Format Version 12.00
# Visual Studio 15
VisualStudioVersion = 15.0.28307.1145
MinimumVisualStudioVersion = 10.0.40219.1
Project("{FAE04EC0-301F-11D3-BF4B-00C04F79EFBC}") = "CrudNetCoreRazor", "CrudNetCoreRazor\CrudNetCoreRazor.csproj", "{6B7E5777-0445-47FB-B8BB-A00E7288CC55}"
EndProject
Global
	GlobalSection(SolutionConfigurationPlatforms) = preSolution
		Debug|Any CPU = Debug|Any CPU
		Release|Any CPU = Release|Any CPU
	EndGlobalSection
	GlobalSection(ProjectConfigurationPlatforms) = postSolution
		{6B7E5777-0445-47FB-B8BB-A00E7288CC55}.Debug|Any CPU.ActiveCfg = Debug|Any CPU
		{6B7E5777-0445-47FB-B8BB-A00E7288CC55}.Debug|Any CPU.Build.0 = Debug|Any CPU
		{6B7E5777-0445-47FB-B8BB-A00E7288CC55}.Release|Any CPU.ActiveCfg = Release|Any CPU
		{6B7E5777-0445-47FB-B8BB-A00E7288CC55}.Release|Any CPU.Build.0 = Release|Any CPU
	EndGlobalSection
	GlobalSection(SolutionProperties) = preSolution
		HideSolutionNode = FALSE
	EndGlobalSection
	GlobalSection(ExtensibilityGlobals) = postSolution
		SolutionGuid = {1659D9D5-6189-4B3E-9117-81C82AC6DBE5}
	EndGlobalSection
EndGlobal
